// !$*UTF8*$!
{
	archiveVersion = 1;
	classes = {
	};
	objectVersion = 46;
	objects = {

/* Begin PBXBuildFile section */
		51D40DCE1BBFDC5C00E44596 /* main.m in Sources */ = {isa = PBXBuildFile; fileRef = 51D40DCD1BBFDC5B00E44596 /* main.m */; };
		51D40DD11BBFDC5C00E44596 /* AppDelegate.m in Sources */ = {isa = PBXBuildFile; fileRef = 51D40DD01BBFDC5C00E44596 /* AppDelegate.m */; };
		51D40DD41BBFDC5C00E44596 /* ViewController.m in Sources */ = {isa = PBXBuildFile; fileRef = 51D40DD31BBFDC5C00E44596 /* ViewController.m */; };
		51D40DD71BBFDC5C00E44596 /* Main.storyboard in Resources */ = {isa = PBXBuildFile; fileRef = 51D40DD51BBFDC5C00E44596 /* Main.storyboard */; };
		51D40DD91BBFDC5C00E44596 /* Assets.xcassets in Resources */ = {isa = PBXBuildFile; fileRef = 51D40DD81BBFDC5C00E44596 /* Assets.xcassets */; };
		51D40DDC1BBFDC5C00E44596 /* LaunchScreen.storyboard in Resources */ = {isa = PBXBuildFile; fileRef = 51D40DDA1BBFDC5C00E44596 /* LaunchScreen.storyboard */; };
		51D40DE71BBFDC5C00E44596 /* tchTests.m in Sources */ = {isa = PBXBuildFile; fileRef = 51D40DE61BBFDC5C00E44596 /* tchTests.m */; };
		51D40DF21BBFDC5C00E44596 /* tchUITests.m in Sources */ = {isa = PBXBuildFile; fileRef = 51D40DF11BBFDC5C00E44596 /* tchUITests.m */; };
/* End PBXBuildFile section */

/* Begin PBXContainerItemProxy section */
		51D40DE31BBFDC5C00E44596 /* PBXContainerItemProxy */ = {
			isa = PBXContainerItemProxy;
			containerPortal = 51D40DC11BBFDC5B00E44596 /* Project object */;
			proxyType = 1;
			remoteGlobalIDString = 51D40DC81BBFDC5B00E44596;
			remoteInfo = tch;
		};
		51D40DEE1BBFDC5C00E44596 /* PBXContainerItemProxy */ = {
			isa = PBXContainerItemProxy;
			containerPortal = 51D40DC11BBFDC5B00E44596 /* Project object */;
			proxyType = 1;
			remoteGlobalIDString = 51D40DC81BBFDC5B00E44596;
			remoteInfo = tch;
		};
/* End PBXContainerItemProxy section */

/* Begin PBXFileReference section */
		51D40DC91BBFDC5B00E44596 /* tch.app */ = {isa = PBXFileReference; explicitFileType = wrapper.application; includeInIndex = 0; path = tch.app; sourceTree = BUILT_PRODUCTS_DIR; };
		51D40DCD1BBFDC5B00E44596 /* main.m */ = {isa = PBXFileReference; lastKnownFileType = sourcecode.c.objc; path = main.m; sourceTree = "<group>"; };
		51D40DCF1BBFDC5C00E44596 /* AppDelegate.h */ = {isa = PBXFileReference; lastKnownFileType = sourcecode.c.h; path = AppDelegate.h; sourceTree = "<group>"; };
		51D40DD01BBFDC5C00E44596 /* AppDelegate.m */ = {isa = PBXFileReference; lastKnownFileType = sourcecode.c.objc; path = AppDelegate.m; sourceTree = "<group>"; };
		51D40DD21BBFDC5C00E44596 /* ViewController.h */ = {isa = PBXFileReference; lastKnownFileType = sourcecode.c.h; path = ViewController.h; sourceTree = "<group>"; };
		51D40DD31BBFDC5C00E44596 /* ViewController.m */ = {isa = PBXFileReference; lastKnownFileType = sourcecode.c.objc; path = ViewController.m; sourceTree = "<group>"; };
		51D40DD61BBFDC5C00E44596 /* Base */ = {isa = PBXFileReference; lastKnownFileType = file.storyboard; name = Base; path = Base.lproj/Main.storyboard; sourceTree = "<group>"; };
		51D40DD81BBFDC5C00E44596 /* Assets.xcassets */ = {isa = PBXFileReference; lastKnownFileType = folder.assetcatalog; path = Assets.xcassets; sourceTree = "<group>"; };
		51D40DDB1BBFDC5C00E44596 /* Base */ = {isa = PBXFileReference; lastKnownFileType = file.storyboard; name = Base; path = Base.lproj/LaunchScreen.storyboard; sourceTree = "<group>"; };
		51D40DDD1BBFDC5C00E44596 /* Info.plist */ = {isa = PBXFileReference; lastKnownFileType = text.plist.xml; path = Info.plist; sourceTree = "<group>"; };
		51D40DE21BBFDC5C00E44596 /* tchTests.xctest */ = {isa = PBXFileReference; explicitFileType = wrapper.cfbundle; includeInIndex = 0; path = tchTests.xctest; sourceTree = BUILT_PRODUCTS_DIR; };
		51D40DE61BBFDC5C00E44596 /* tchTests.m */ = {isa = PBXFileReference; lastKnownFileType = sourcecode.c.objc; path = tchTests.m; sourceTree = "<group>"; };
		51D40DE81BBFDC5C00E44596 /* Info.plist */ = {isa = PBXFileReference; lastKnownFileType = text.plist.xml; path = Info.plist; sourceTree = "<group>"; };
		51D40DED1BBFDC5C00E44596 /* tchUITests.xctest */ = {isa = PBXFileReference; explicitFileType = wrapper.cfbundle; includeInIndex = 0; path = tchUITests.xctest; sourceTree = BUILT_PRODUCTS_DIR; };
		51D40DF11BBFDC5C00E44596 /* tchUITests.m */ = {isa = PBXFileReference; lastKnownFileType = sourcecode.c.objc; path = tchUITests.m; sourceTree = "<group>"; };
		51D40DF31BBFDC5C00E44596 /* Info.plist */ = {isa = PBXFileReference; lastKnownFileType = text.plist.xml; path = Info.plist; sourceTree = "<group>"; };
/* End PBXFileReference section */

/* Begin PBXFrameworksBuildPhase section */
		51D40DC61BBFDC5B00E44596 /* Frameworks */ = {
			isa = PBXFrameworksBuildPhase;
			buildActionMask = 2147483647;
			files = (
			);
			runOnlyForDeploymentPostprocessing = 0;
		};
		51D40DDF1BBFDC5C00E44596 /* Frameworks */ = {
			isa = PBXFrameworksBuildPhase;
			buildActionMask = 2147483647;
			files = (
			);
			runOnlyForDeploymentPostprocessing = 0;
		};
		51D40DEA1BBFDC5C00E44596 /* Frameworks */ = {
			isa = PBXFrameworksBuildPhase;
			buildActionMask = 2147483647;
			files = (
			);
			runOnlyForDeploymentPostprocessing = 0;
		};
/* End PBXFrameworksBuildPhase section */

/* Begin PBXGroup section */
		51D40DC01BBFDC5B00E44596 = {
			isa = PBXGroup;
			children = (
				51D40DCB1BBFDC5B00E44596 /* tch */,
				51D40DE51BBFDC5C00E44596 /* tchTests */,
				51D40DF01BBFDC5C00E44596 /* tchUITests */,
				51D40DCA1BBFDC5B00E44596 /* Products */,
			);
			sourceTree = "<group>";
		};
		51D40DCA1BBFDC5B00E44596 /* Products */ = {
			isa = PBXGroup;
			children = (
				51D40DC91BBFDC5B00E44596 /* tch.app */,
				51D40DE21BBFDC5C00E44596 /* tchTests.xctest */,
				51D40DED1BBFDC5C00E44596 /* tchUITests.xctest */,
			);
			name = Products;
			sourceTree = "<group>";
		};
		51D40DCB1BBFDC5B00E44596 /* tch */ = {
			isa = PBXGroup;
			children = (
				51D40DCF1BBFDC5C00E44596 /* AppDelegate.h */,
				51D40DD01BBFDC5C00E44596 /* AppDelegate.m */,
				51D40DD21BBFDC5C00E44596 /* ViewController.h */,
				51D40DD31BBFDC5C00E44596 /* ViewController.m */,
				51D40DD51BBFDC5C00E44596 /* Main.storyboard */,
				51D40DD81BBFDC5C00E44596 /* Assets.xcassets */,
				51D40DDA1BBFDC5C00E44596 /* LaunchScreen.storyboard */,
				51D40DDD1BBFDC5C00E44596 /* Info.plist */,
				51D40DCC1BBFDC5B00E44596 /* Supporting Files */,
			);
			path = tch;
			sourceTree = "<group>";
		};
		51D40DCC1BBFDC5B00E44596 /* Supporting Files */ = {
			isa = PBXGroup;
			children = (
				51D40DCD1BBFDC5B00E44596 /* main.m */,
			);
			name = "Supporting Files";
			sourceTree = "<group>";
		};
		51D40DE51BBFDC5C00E44596 /* tchTests */ = {
			isa = PBXGroup;
			children = (
				51D40DE61BBFDC5C00E44596 /* tchTests.m */,
				51D40DE81BBFDC5C00E44596 /* Info.plist */,
			);
			path = tchTests;
			sourceTree = "<group>";
		};
		51D40DF01BBFDC5C00E44596 /* tchUITests */ = {
			isa = PBXGroup;
			children = (
				51D40DF11BBFDC5C00E44596 /* tchUITests.m */,
				51D40DF31BBFDC5C00E44596 /* Info.plist */,
			);
			path = tchUITests;
			sourceTree = "<group>";
		};
/* End PBXGroup section */

/* Begin PBXNativeTarget section */
		51D40DC81BBFDC5B00E44596 /* tch */ = {
			isa = PBXNativeTarget;
			buildConfigurationList = 51D40DF61BBFDC5C00E44596 /* Build configuration list for PBXNativeTarget "tch" */;
			buildPhases = (
				51D40DC51BBFDC5B00E44596 /* Sources */,
				51D40DC61BBFDC5B00E44596 /* Frameworks */,
				51D40DC71BBFDC5B00E44596 /* Resources */,
			);
			buildRules = (
			);
			dependencies = (
			);
			name = tch;
			productName = tch;
			productReference = 51D40DC91BBFDC5B00E44596 /* tch.app */;
			productType = "com.apple.product-type.application";
		};
		51D40DE11BBFDC5C00E44596 /* tchTests */ = {
			isa = PBXNativeTarget;
			buildConfigurationList = 51D40DF91BBFDC5C00E44596 /* Build configuration list for PBXNativeTarget "tchTests" */;
			buildPhases = (
				51D40DDE1BBFDC5C00E44596 /* Sources */,
				51D40DDF1BBFDC5C00E44596 /* Frameworks */,
				51D40DE01BBFDC5C00E44596 /* Resources */,
			);
			buildRules = (
			);
			dependencies = (
				51D40DE41BBFDC5C00E44596 /* PBXTargetDependency */,
			);
			name = tchTests;
			productName = tchTests;
			productReference = 51D40DE21BBFDC5C00E44596 /* tchTests.xctest */;
			productType = "com.apple.product-type.bundle.unit-test";
		};
		51D40DEC1BBFDC5C00E44596 /* tchUITests */ = {
			isa = PBXNativeTarget;
			buildConfigurationList = 51D40DFC1BBFDC5C00E44596 /* Build configuration list for PBXNativeTarget "tchUITests" */;
			buildPhases = (
				51D40DE91BBFDC5C00E44596 /* Sources */,
				51D40DEA1BBFDC5C00E44596 /* Frameworks */,
				51D40DEB1BBFDC5C00E44596 /* Resources */,
			);
			buildRules = (
			);
			dependencies = (
				51D40DEF1BBFDC5C00E44596 /* PBXTargetDependency */,
			);
			name = tchUITests;
			productName = tchUITests;
			productReference = 51D40DED1BBFDC5C00E44596 /* tchUITests.xctest */;
			productType = "com.apple.product-type.bundle.ui-testing";
		};
/* End PBXNativeTarget section */

/* Begin PBXProject section */
		51D40DC11BBFDC5B00E44596 /* Project object */ = {
			isa = PBXProject;
			attributes = {
				LastUpgradeCheck = 0710;
				ORGANIZATIONNAME = mengyun;
				TargetAttributes = {
					51D40DC81BBFDC5B00E44596 = {
						CreatedOnToolsVersion = 7.1;
					};
					51D40DE11BBFDC5C00E44596 = {
						CreatedOnToolsVersion = 7.1;
						TestTargetID = 51D40DC81BBFDC5B00E44596;
					};
					51D40DEC1BBFDC5C00E44596 = {
						CreatedOnToolsVersion = 7.1;
						TestTargetID = 51D40DC81BBFDC5B00E44596;
					};
				};
			};
			buildConfigurationList = 51D40DC41BBFDC5B00E44596 /* Build configuration list for PBXProject "tch" */;
			compatibilityVersion = "Xcode 3.2";
			developmentRegion = English;
			hasScannedForEncodings = 0;
			knownRegions = (
				en,
				Base,
			);
			mainGroup = 51D40DC01BBFDC5B00E44596;
			productRefGroup = 51D40DCA1BBFDC5B00E44596 /* Products */;
			projectDirPath = "";
			projectRoot = "";
			targets = (
				51D40DC81BBFDC5B00E44596 /* tch */,
				51D40DE11BBFDC5C00E44596 /* tchTests */,
				51D40DEC1BBFDC5C00E44596 /* tchUITests */,
			);
		};
/* End PBXProject section */

/* Begin PBXResourcesBuildPhase section */
		51D40DC71BBFDC5B00E44596 /* Resources */ = {
			isa = PBXResourcesBuildPhase;
			buildActionMask = 2147483647;
			files = (
				51D40DDC1BBFDC5C00E44596 /* LaunchScreen.storyboard in Resources */,
				51D40DD91BBFDC5C00E44596 /* Assets.xcassets in Resources */,
				51D40DD71BBFDC5C00E44596 /* Main.storyboard in Resources */,
			);
			runOnlyForDeploymentPostprocessing = 0;
		};
		51D40DE01BBFDC5C00E44596 /* Resources */ = {
			isa = PBXResourcesBuildPhase;
			buildActionMask = 2147483647;
			files = (
			);
			runOnlyForDeploymentPostprocessing = 0;
		};
		51D40DEB1BBFDC5C00E44596 /* Resources */ = {
			isa = PBXResourcesBuildPhase;
			buildActionMask = 2147483647;
			files = (
			);
			runOnlyForDeploymentPostprocessing = 0;
		};
/* End PBXResourcesBuildPhase section */

/* Begin PBXSourcesBuildPhase section */
		51D40DC51BBFDC5B00E44596 /* Sources */ = {
			isa = PBXSourcesBuildPhase;
			buildActionMask = 2147483647;
			files = (
				51D40DD41BBFDC5C00E44596 /* ViewController.m in Sources */,
				51D40DD11BBFDC5C00E44596 /* AppDelegate.m in Sources */,
				51D40DCE1BBFDC5C00E44596 /* main.m in Sources */,
			);
			runOnlyForDeploymentPostprocessing = 0;
		};
		51D40DDE1BBFDC5C00E44596 /* Sources */ = {
			isa = PBXSourcesBuildPhase;
			buildActionMask = 2147483647;
			files = (
				51D40DE71BBFDC5C00E44596 /* tchTests.m in Sources */,
			);
			runOnlyForDeploymentPostprocessing = 0;
		};
		51D40DE91BBFDC5C00E44596 /* Sources */ = {
			isa = PBXSourcesBuildPhase;
			buildActionMask = 2147483647;
			files = (
				51D40DF21BBFDC5C00E44596 /* tchUITests.m in Sources */,
			);
			runOnlyForDeploymentPostprocessing = 0;
		};
/* End PBXSourcesBuildPhase section */

/* Begin PBXTargetDependency section */
		51D40DE41BBFDC5C00E44596 /* PBXTargetDependency */ = {
			isa = PBXTargetDependency;
			target = 51D40DC81BBFDC5B00E44596 /* tch */;
			targetProxy = 51D40DE31BBFDC5C00E44596 /* PBXContainerItemProxy */;
		};
		51D40DEF1BBFDC5C00E44596 /* PBXTargetDependency */ = {
			isa = PBXTargetDependency;
			target = 51D40DC81BBFDC5B00E44596 /* tch */;
			targetProxy = 51D40DEE1BBFDC5C00E44596 /* PBXContainerItemProxy */;
		};
/* End PBXTargetDependency section */

/* Begin PBXVariantGroup section */
		51D40DD51BBFDC5C00E44596 /* Main.storyboard */ = {
			isa = PBXVariantGroup;
			children = (
				51D40DD61BBFDC5C00E44596 /* Base */,
			);
			name = Main.storyboard;
			sourceTree = "<group>";
		};
		51D40DDA1BBFDC5C00E44596 /* LaunchScreen.storyboard */ = {
			isa = PBXVariantGroup;
			children = (
				51D40DDB1BBFDC5C00E44596 /* Base */,
			);
			name = LaunchScreen.storyboard;
			sourceTree = "<group>";
		};
/* End PBXVariantGroup section */

/* Begin XCBuildConfiguration section */
		51D40DF41BBFDC5C00E44596 /* Debug */ = {
			isa = XCBuildConfiguration;
			buildSettings = {
				ALWAYS_SEARCH_USER_PATHS = NO;
				CLANG_CXX_LANGUAGE_STANDARD = "gnu++0x";
				CLANG_CXX_LIBRARY = "libc++";
				CLANG_ENABLE_MODULES = YES;
				CLANG_ENABLE_OBJC_ARC = YES;
				CLANG_WARN_BOOL_CONVERSION = YES;
				CLANG_WARN_CONSTANT_CONVERSION = YES;
				CLANG_WARN_DIRECT_OBJC_ISA_USAGE = YES_ERROR;
				CLANG_WARN_EMPTY_BODY = YES;
				CLANG_WARN_ENUM_CONVERSION = YES;
				CLANG_WARN_INT_CONVERSION = YES;
				CLANG_WARN_OBJC_ROOT_CLASS = YES_ERROR;
				CLANG_WARN_UNREACHABLE_CODE = YES;
				CLANG_WARN__DUPLICATE_METHOD_MATCH = YES;
				"CODE_SIGN_IDENTITY[sdk=iphoneos*]" = "iPhone Developer";
				COPY_PHASE_STRIP = NO;
				DEBUG_INFORMATION_FORMAT = dwarf;
				ENABLE_STRICT_OBJC_MSGSEND = YES;
				ENABLE_TESTABILITY = YES;
				GCC_C_LANGUAGE_STANDARD = gnu99;
				GCC_DYNAMIC_NO_PIC = NO;
				GCC_NO_COMMON_BLOCKS = YES;
				GCC_OPTIMIZATION_LEVEL = 0;
				GCC_PREPROCESSOR_DEFINITIONS = (
					"DEBUG=1",
					"$(inherited)",
				);
				GCC_WARN_64_TO_32_BIT_CONVERSION = YES;
				GCC_WARN_ABOUT_RETURN_TYPE = YES_ERROR;
				GCC_WARN_UNDECLARED_SELECTOR = YES;
				GCC_WARN_UNINITIALIZED_AUTOS = YES_AGGRESSIVE;
				GCC_WARN_UNUSED_FUNCTION = YES;
				GCC_WARN_UNUSED_VARIABLE = YES;
				IPHONEOS_DEPLOYMENT_TARGET = 9.1;
				MTL_ENABLE_DEBUG_INFO = YES;
				ONLY_ACTIVE_ARCH = YES;
				SDKROOT = iphoneos;
				TARGETED_DEVICE_FAMILY = "1,2";
			};
			name = Debug;
		};
		51D40DF51BBFDC5C00E44596 /* Release */ = {
			isa = XCBuildConfiguration;
			buildSettings = {
				ALWAYS_SEARCH_USER_PATHS = NO;
				CLANG_CXX_LANGUAGE_STANDARD = "gnu++0x";
				CLANG_CXX_LIBRARY = "libc++";
				CLANG_ENABLE_MODULES = YES;
				CLANG_ENABLE_OBJC_ARC = YES;
				CLANG_WARN_BOOL_CONVERSION = YES;
				CLANG_WARN_CONSTANT_CONVERSION = YES;
				CLANG_WARN_DIRECT_OBJC_ISA_USAGE = YES_ERROR;
				CLANG_WARN_EMPTY_BODY = YES;
				CLANG_WARN_ENUM_CONVERSION = YES;
				CLANG_WARN_INT_CONVERSION = YES;
				CLANG_WARN_OBJC_ROOT_CLASS = YES_ERROR;
				CLANG_WARN_UNREACHABLE_CODE = YES;
				CLANG_WARN__DUPLICATE_METHOD_MATCH = YES;
				"CODE_SIGN_IDENTITY[sdk=iphoneos*]" = "iPhone Developer";
				COPY_PHASE_STRIP = NO;
				DEBUG_INFORMATION_FORMAT = "dwarf-with-dsym";
				ENABLE_NS_ASSERTIONS = NO;
				ENABLE_STRICT_OBJC_MSGSEND = YES;
				GCC_C_LANGUAGE_STANDARD = gnu99;
				GCC_NO_COMMON_BLOCKS = YES;
				GCC_WARN_64_TO_32_BIT_CONVERSION = YES;
				GCC_WARN_ABOUT_RETURN_TYPE = YES_ERROR;
				GCC_WARN_UNDECLARED_SELECTOR = YES;
				GCC_WARN_UNINITIALIZED_AUTOS = YES_AGGRESSIVE;
				GCC_WARN_UNUSED_FUNCTION = YES;
				GCC_WARN_UNUSED_VARIABLE = YES;
				IPHONEOS_DEPLOYMENT_TARGET = 9.1;
				MTL_ENABLE_DEBUG_INFO = NO;
				SDKROOT = iphoneos;
				TARGETED_DEVICE_FAMILY = "1,2";
				VALIDATE_PRODUCT = YES;
			};
			name = Release;
		};
		51D40DF71BBFDC5C00E44596 /* Debug */ = {
			isa = XCBuildConfiguration;
			buildSettings = {
				ASSETCATALOG_COMPILER_APPICON_NAME = AppIcon;
				INFOPLIST_FILE = tch/Info.plist;
				LD_RUNPATH_SEARCH_PATHS = "$(inherited) @executable_path/Frameworks";
				PRODUCT_BUNDLE_IDENTIFIER = f.tch;
				PRODUCT_NAME = "$(TARGET_NAME)";
			};
			name = Debug;
		};
		51D40DF81BBFDC5C00E44596 /* Release */ = {
			isa = XCBuildConfiguration;
			buildSettings = {
				ASSETCATALOG_COMPILER_APPICON_NAME = AppIcon;
				INFOPLIST_FILE = tch/Info.plist;
				LD_RUNPATH_SEARCH_PATHS = "$(inherited) @executable_path/Frameworks";
				PRODUCT_BUNDLE_IDENTIFIER = f.tch;
				PRODUCT_NAME = "$(TARGET_NAME)";
			};
			name = Release;
		};
		51D40DFA1BBFDC5C00E44596 /* Debug */ = {
			isa = XCBuildConfiguration;
			buildSettings = {
				BUNDLE_LOADER = "$(TEST_HOST)";
				INFOPLIST_FILE = tchTests/Info.plist;
				LD_RUNPATH_SEARCH_PATHS = "$(inherited) @executable_path/Frameworks @loader_path/Frameworks";
				PRODUCT_BUNDLE_IDENTIFIER = f.tchTests;
				PRODUCT_NAME = "$(TARGET_NAME)";
				TEST_HOST = "$(BUILT_PRODUCTS_DIR)/tch.app/tch";
			};
			name = Debug;
		};
		51D40DFB1BBFDC5C00E44596 /* Release */ = {
			isa = XCBuildConfiguration;
			buildSettings = {
				BUNDLE_LOADER = "$(TEST_HOST)";
				INFOPLIST_FILE = tchTests/Info.plist;
				LD_RUNPATH_SEARCH_PATHS = "$(inherited) @executable_path/Frameworks @loader_path/Frameworks";
				PRODUCT_BUNDLE_IDENTIFIER = f.tchTests;
				PRODUCT_NAME = "$(TARGET_NAME)";
				TEST_HOST = "$(BUILT_PRODUCTS_DIR)/tch.app/tch";
			};
			name = Release;
		};
		51D40DFD1BBFDC5C00E44596 /* Debug */ = {
			isa = XCBuildConfiguration;
			buildSettings = {
				INFOPLIST_FILE = tchUITests/Info.plist;
				LD_RUNPATH_SEARCH_PATHS = "$(inherited) @executable_path/Frameworks @loader_path/Frameworks";
				PRODUCT_BUNDLE_IDENTIFIER = f.tchUITests;
				PRODUCT_NAME = "$(TARGET_NAME)";
				TEST_TARGET_NAME = tch;
				USES_XCTRUNNER = YES;
			};
			name = Debug;
		};
		51D40DFE1BBFDC5C00E44596 /* Release */ = {
			isa = XCBuildConfiguration;
			buildSettings = {
				INFOPLIST_FILE = tchUITests/Info.plist;
				LD_RUNPATH_SEARCH_PATHS = "$(inherited) @executable_path/Frameworks @loader_path/Frameworks";
				PRODUCT_BUNDLE_IDENTIFIER = f.tchUITests;
				PRODUCT_NAME = "$(TARGET_NAME)";
				TEST_TARGET_NAME = tch;
				USES_XCTRUNNER = YES;
			};
			name = Release;
		};
/* End XCBuildConfiguration section */

/* Begin XCConfigurationList section */
		51D40DC41BBFDC5B00E44596 /* Build configuration list for PBXProject "tch" */ = {
			isa = XCConfigurationList;
			buildConfigurations = (
				51D40DF41BBFDC5C00E44596 /* Debug */,
				51D40DF51BBFDC5C00E44596 /* Release */,
			);
			defaultConfigurationIsVisible = 0;
			defaultConfigurationName = Release;
		};
		51D40DF61BBFDC5C00E44596 /* Build configuration list for PBXNativeTarget "tch" */ = {
			isa = XCConfigurationList;
			buildConfigurations = (
				51D40DF71BBFDC5C00E44596 /* Debug */,
				51D40DF81BBFDC5C00E44596 /* Release */,
			);
			defaultConfigurationIsVisible = 0;
		};
		51D40DF91BBFDC5C00E44596 /* Build configuration list for PBXNativeTarget "tchTests" */ = {
			isa = XCConfigurationList;
			buildConfigurations = (
				51D40DFA1BBFDC5C00E44596 /* Debug */,
				51D40DFB1BBFDC5C00E44596 /* Release */,
			);
			defaultConfigurationIsVisible = 0;
		};
		51D40DFC1BBFDC5C00E44596 /* Build configuration list for PBXNativeTarget "tchUITests" */ = {
			isa = XCConfigurationList;
			buildConfigurations = (
				51D40DFD1BBFDC5C00E44596 /* Debug */,
				51D40DFE1BBFDC5C00E44596 /* Release */,
			);
			defaultConfigurationIsVisible = 0;
		};
/* End XCConfigurationList section */
	};
	rootObject = 51D40DC11BBFDC5B00E44596 /* Project object */;
}
