// !$*UTF8*$!
{
	archiveVersion = 1;
	classes = {
	};
	objectVersion = 46;
	objects = {

/* Begin PBXBuildFile section */
		516209211C26F6B5002F7023 /* main.m in Sources */ = {isa = PBXBuildFile; fileRef = 516209201C26F6B5002F7023 /* main.m */; };
		516209241C26F6B5002F7023 /* AppDelegate.m in Sources */ = {isa = PBXBuildFile; fileRef = 516209231C26F6B5002F7023 /* AppDelegate.m */; };
		516209271C26F6B5002F7023 /* ViewController.m in Sources */ = {isa = PBXBuildFile; fileRef = 516209261C26F6B5002F7023 /* ViewController.m */; };
		5162092A1C26F6B5002F7023 /* Main.storyboard in Resources */ = {isa = PBXBuildFile; fileRef = 516209281C26F6B5002F7023 /* Main.storyboard */; };
		5162092C1C26F6B5002F7023 /* Assets.xcassets in Resources */ = {isa = PBXBuildFile; fileRef = 5162092B1C26F6B5002F7023 /* Assets.xcassets */; };
		5162092F1C26F6B6002F7023 /* LaunchScreen.storyboard in Resources */ = {isa = PBXBuildFile; fileRef = 5162092D1C26F6B6002F7023 /* LaunchScreen.storyboard */; };
		516209381C26F6FB002F7023 /* GOFViewController.m in Sources */ = {isa = PBXBuildFile; fileRef = 516209371C26F6FB002F7023 /* GOFViewController.m */; };
/* End PBXBuildFile section */

/* Begin PBXFileReference section */
		5162091C1C26F6B5002F7023 /* Frist.app */ = {isa = PBXFileReference; explicitFileType = wrapper.application; includeInIndex = 0; path = Frist.app; sourceTree = BUILT_PRODUCTS_DIR; };
		516209201C26F6B5002F7023 /* main.m */ = {isa = PBXFileReference; lastKnownFileType = sourcecode.c.objc; path = main.m; sourceTree = "<group>"; };
		516209221C26F6B5002F7023 /* AppDelegate.h */ = {isa = PBXFileReference; lastKnownFileType = sourcecode.c.h; path = AppDelegate.h; sourceTree = "<group>"; };
		516209231C26F6B5002F7023 /* AppDelegate.m */ = {isa = PBXFileReference; lastKnownFileType = sourcecode.c.objc; path = AppDelegate.m; sourceTree = "<group>"; };
		516209251C26F6B5002F7023 /* ViewController.h */ = {isa = PBXFileReference; lastKnownFileType = sourcecode.c.h; path = ViewController.h; sourceTree = "<group>"; };
		516209261C26F6B5002F7023 /* ViewController.m */ = {isa = PBXFileReference; lastKnownFileType = sourcecode.c.objc; path = ViewController.m; sourceTree = "<group>"; };
		516209291C26F6B5002F7023 /* Base */ = {isa = PBXFileReference; lastKnownFileType = file.storyboard; name = Base; path = Base.lproj/Main.storyboard; sourceTree = "<group>"; };
		5162092B1C26F6B5002F7023 /* Assets.xcassets */ = {isa = PBXFileReference; lastKnownFileType = folder.assetcatalog; path = Assets.xcassets; sourceTree = "<group>"; };
		5162092E1C26F6B6002F7023 /* Base */ = {isa = PBXFileReference; lastKnownFileType = file.storyboard; name = Base; path = Base.lproj/LaunchScreen.storyboard; sourceTree = "<group>"; };
		516209301C26F6B6002F7023 /* Info.plist */ = {isa = PBXFileReference; lastKnownFileType = text.plist.xml; path = Info.plist; sourceTree = "<group>"; };
		516209361C26F6FB002F7023 /* GOFViewController.h */ = {isa = PBXFileReference; fileEncoding = 4; lastKnownFileType = sourcecode.c.h; path = GOFViewController.h; sourceTree = "<group>"; };
		516209371C26F6FB002F7023 /* GOFViewController.m */ = {isa = PBXFileReference; fileEncoding = 4; lastKnownFileType = sourcecode.c.objc; path = GOFViewController.m; sourceTree = "<group>"; };
/* End PBXFileReference section */

/* Begin PBXFrameworksBuildPhase section */
		516209191C26F6B5002F7023 /* Frameworks */ = {
			isa = PBXFrameworksBuildPhase;
			buildActionMask = 2147483647;
			files = (
			);
			runOnlyForDeploymentPostprocessing = 0;
		};
/* End PBXFrameworksBuildPhase section */

/* Begin PBXGroup section */
		516209131C26F6B5002F7023 = {
			isa = PBXGroup;
			children = (
				5162091E1C26F6B5002F7023 /* Frist */,
				5162091D1C26F6B5002F7023 /* Products */,
			);
			sourceTree = "<group>";
		};
		5162091D1C26F6B5002F7023 /* Products */ = {
			isa = PBXGroup;
			children = (
				5162091C1C26F6B5002F7023 /* Frist.app */,
			);
			name = Products;
			sourceTree = "<group>";
		};
		5162091E1C26F6B5002F7023 /* Frist */ = {
			isa = PBXGroup;
			children = (
				516209221C26F6B5002F7023 /* AppDelegate.h */,
				516209231C26F6B5002F7023 /* AppDelegate.m */,
				516209251C26F6B5002F7023 /* ViewController.h */,
				516209261C26F6B5002F7023 /* ViewController.m */,
				516209281C26F6B5002F7023 /* Main.storyboard */,
				5162092B1C26F6B5002F7023 /* Assets.xcassets */,
				5162092D1C26F6B6002F7023 /* LaunchScreen.storyboard */,
				516209301C26F6B6002F7023 /* Info.plist */,
				5162091F1C26F6B5002F7023 /* Supporting Files */,
				516209361C26F6FB002F7023 /* GOFViewController.h */,
				516209371C26F6FB002F7023 /* GOFViewController.m */,
			);
			path = Frist;
			sourceTree = "<group>";
		};
		5162091F1C26F6B5002F7023 /* Supporting Files */ = {
			isa = PBXGroup;
			children = (
				516209201C26F6B5002F7023 /* main.m */,
			);
			name = "Supporting Files";
			sourceTree = "<group>";
		};
/* End PBXGroup section */

/* Begin PBXNativeTarget section */
		5162091B1C26F6B5002F7023 /* Frist */ = {
			isa = PBXNativeTarget;
			buildConfigurationList = 516209331C26F6B6002F7023 /* Build configuration list for PBXNativeTarget "Frist" */;
			buildPhases = (
				516209181C26F6B5002F7023 /* Sources */,
				516209191C26F6B5002F7023 /* Frameworks */,
				5162091A1C26F6B5002F7023 /* Resources */,
			);
			buildRules = (
			);
			dependencies = (
			);
			name = Frist;
			productName = Frist;
			productReference = 5162091C1C26F6B5002F7023 /* Frist.app */;
			productType = "com.apple.product-type.application";
		};
/* End PBXNativeTarget section */

/* Begin PBXProject section */
		516209141C26F6B5002F7023 /* Project object */ = {
			isa = PBXProject;
			attributes = {
				LastUpgradeCheck = 0720;
				ORGANIZATIONNAME = mengyun;
				TargetAttributes = {
					5162091B1C26F6B5002F7023 = {
						CreatedOnToolsVersion = 7.2;
						DevelopmentTeam = 27EUXE9QPG;
					};
				};
			};
			buildConfigurationList = 516209171C26F6B5002F7023 /* Build configuration list for PBXProject "Frist" */;
			compatibilityVersion = "Xcode 3.2";
			developmentRegion = English;
			hasScannedForEncodings = 0;
			knownRegions = (
				en,
				Base,
			);
			mainGroup = 516209131C26F6B5002F7023;
			productRefGroup = 5162091D1C26F6B5002F7023 /* Products */;
			projectDirPath = "";
			projectRoot = "";
			targets = (
				5162091B1C26F6B5002F7023 /* Frist */,
			);
		};
/* End PBXProject section */

/* Begin PBXResourcesBuildPhase section */
		5162091A1C26F6B5002F7023 /* Resources */ = {
			isa = PBXResourcesBuildPhase;
			buildActionMask = 2147483647;
			files = (
				5162092F1C26F6B6002F7023 /* LaunchScreen.storyboard in Resources */,
				5162092C1C26F6B5002F7023 /* Assets.xcassets in Resources */,
				5162092A1C26F6B5002F7023 /* Main.storyboard in Resources */,
			);
			runOnlyForDeploymentPostprocessing = 0;
		};
/* End PBXResourcesBuildPhase section */

/* Begin PBXSourcesBuildPhase section */
		516209181C26F6B5002F7023 /* Sources */ = {
			isa = PBXSourcesBuildPhase;
			buildActionMask = 2147483647;
			files = (
				516209271C26F6B5002F7023 /* ViewController.m in Sources */,
				516209381C26F6FB002F7023 /* GOFViewController.m in Sources */,
				516209241C26F6B5002F7023 /* AppDelegate.m in Sources */,
				516209211C26F6B5002F7023 /* main.m in Sources */,
			);
			runOnlyForDeploymentPostprocessing = 0;
		};
/* End PBXSourcesBuildPhase section */

/* Begin PBXVariantGroup section */
		516209281C26F6B5002F7023 /* Main.storyboard */ = {
			isa = PBXVariantGroup;
			children = (
				516209291C26F6B5002F7023 /* Base */,
			);
			name = Main.storyboard;
			sourceTree = "<group>";
		};
		5162092D1C26F6B6002F7023 /* LaunchScreen.storyboard */ = {
			isa = PBXVariantGroup;
			children = (
				5162092E1C26F6B6002F7023 /* Base */,
			);
			name = LaunchScreen.storyboard;
			sourceTree = "<group>";
		};
/* End PBXVariantGroup section */

/* Begin XCBuildConfiguration section */
		516209311C26F6B6002F7023 /* Debug */ = {
			isa = XCBuildConfiguration;
			buildSettings = {
				ALWAYS_SEARCH_USER_PATHS = NO;
				CLANG_CXX_LANGUAGE_STANDARD = "gnu++0x";
				CLANG_CXX_LIBRARY = "libc++";
				CLANG_ENABLE_MODULES = YES;
				CLANG_ENABLE_OBJC_ARC = YES;
				CLANG_WARN_BOOL_CONVERSION = YES;
				CLANG_WARN_CONSTANT_CONVERSION = YES;
				CLANG_WARN_DIRECT_OBJC_ISA_USAGE = YES_ERROR;
				CLANG_WARN_EMPTY_BODY = YES;
				CLANG_WARN_ENUM_CONVERSION = YES;
				CLANG_WARN_INT_CONVERSION = YES;
				CLANG_WARN_OBJC_ROOT_CLASS = YES_ERROR;
				CLANG_WARN_UNREACHABLE_CODE = YES;
				CLANG_WARN__DUPLICATE_METHOD_MATCH = YES;
				"CODE_SIGN_IDENTITY[sdk=iphoneos*]" = "iPhone Developer";
				COPY_PHASE_STRIP = NO;
				DEBUG_INFORMATION_FORMAT = dwarf;
				ENABLE_STRICT_OBJC_MSGSEND = YES;
				ENABLE_TESTABILITY = YES;
				GCC_C_LANGUAGE_STANDARD = gnu99;
				GCC_DYNAMIC_NO_PIC = NO;
				GCC_NO_COMMON_BLOCKS = YES;
				GCC_OPTIMIZATION_LEVEL = 0;
				GCC_PREPROCESSOR_DEFINITIONS = (
					"DEBUG=1",
					"$(inherited)",
				);
				GCC_WARN_64_TO_32_BIT_CONVERSION = YES;
				GCC_WARN_ABOUT_RETURN_TYPE = YES_ERROR;
				GCC_WARN_UNDECLARED_SELECTOR = YES;
				GCC_WARN_UNINITIALIZED_AUTOS = YES_AGGRESSIVE;
				GCC_WARN_UNUSED_FUNCTION = YES;
				GCC_WARN_UNUSED_VARIABLE = YES;
				IPHONEOS_DEPLOYMENT_TARGET = 9.2;
				MTL_ENABLE_DEBUG_INFO = YES;
				ONLY_ACTIVE_ARCH = YES;
				SDKROOT = iphoneos;
				TARGETED_DEVICE_FAMILY = "1,2";
			};
			name = Debug;
		};
		516209321C26F6B6002F7023 /* Release */ = {
			isa = XCBuildConfiguration;
			buildSettings = {
				ALWAYS_SEARCH_USER_PATHS = NO;
				CLANG_CXX_LANGUAGE_STANDARD = "gnu++0x";
				CLANG_CXX_LIBRARY = "libc++";
				CLANG_ENABLE_MODULES = YES;
				CLANG_ENABLE_OBJC_ARC = YES;
				CLANG_WARN_BOOL_CONVERSION = YES;
				CLANG_WARN_CONSTANT_CONVERSION = YES;
				CLANG_WARN_DIRECT_OBJC_ISA_USAGE = YES_ERROR;
				CLANG_WARN_EMPTY_BODY = YES;
				CLANG_WARN_ENUM_CONVERSION = YES;
				CLANG_WARN_INT_CONVERSION = YES;
				CLANG_WARN_OBJC_ROOT_CLASS = YES_ERROR;
				CLANG_WARN_UNREACHABLE_CODE = YES;
				CLANG_WARN__DUPLICATE_METHOD_MATCH = YES;
				"CODE_SIGN_IDENTITY[sdk=iphoneos*]" = "iPhone Developer";
				COPY_PHASE_STRIP = NO;
				DEBUG_INFORMATION_FORMAT = "dwarf-with-dsym";
				ENABLE_NS_ASSERTIONS = NO;
				ENABLE_STRICT_OBJC_MSGSEND = YES;
				GCC_C_LANGUAGE_STANDARD = gnu99;
				GCC_NO_COMMON_BLOCKS = YES;
				GCC_WARN_64_TO_32_BIT_CONVERSION = YES;
				GCC_WARN_ABOUT_RETURN_TYPE = YES_ERROR;
				GCC_WARN_UNDECLARED_SELECTOR = YES;
				GCC_WARN_UNINITIALIZED_AUTOS = YES_AGGRESSIVE;
				GCC_WARN_UNUSED_FUNCTION = YES;
				GCC_WARN_UNUSED_VARIABLE = YES;
				IPHONEOS_DEPLOYMENT_TARGET = 9.2;
				MTL_ENABLE_DEBUG_INFO = NO;
				SDKROOT = iphoneos;
				TARGETED_DEVICE_FAMILY = "1,2";
				VALIDATE_PRODUCT = YES;
			};
			name = Release;
		};
		516209341C26F6B6002F7023 /* Debug */ = {
			isa = XCBuildConfiguration;
			buildSettings = {
				ASSETCATALOG_COMPILER_APPICON_NAME = AppIcon;
				INFOPLIST_FILE = Frist/Info.plist;
				LD_RUNPATH_SEARCH_PATHS = "$(inherited) @executable_path/Frameworks";
				PRODUCT_BUNDLE_IDENTIFIER = f.Frist;
				PRODUCT_NAME = "$(TARGET_NAME)";
				TARGETED_DEVICE_FAMILY = 1;
			};
			name = Debug;
		};
		516209351C26F6B6002F7023 /* Release */ = {
			isa = XCBuildConfiguration;
			buildSettings = {
				ASSETCATALOG_COMPILER_APPICON_NAME = AppIcon;
				INFOPLIST_FILE = Frist/Info.plist;
				LD_RUNPATH_SEARCH_PATHS = "$(inherited) @executable_path/Frameworks";
				PRODUCT_BUNDLE_IDENTIFIER = f.Frist;
				PRODUCT_NAME = "$(TARGET_NAME)";
				TARGETED_DEVICE_FAMILY = 1;
			};
			name = Release;
		};
/* End XCBuildConfiguration section */

/* Begin XCConfigurationList section */
		516209171C26F6B5002F7023 /* Build configuration list for PBXProject "Frist" */ = {
			isa = XCConfigurationList;
			buildConfigurations = (
				516209311C26F6B6002F7023 /* Debug */,
				516209321C26F6B6002F7023 /* Release */,
			);
			defaultConfigurationIsVisible = 0;
			defaultConfigurationName = Release;
		};
		516209331C26F6B6002F7023 /* Build configuration list for PBXNativeTarget "Frist" */ = {
			isa = XCConfigurationList;
			buildConfigurations = (
				516209341C26F6B6002F7023 /* Debug */,
				516209351C26F6B6002F7023 /* Release */,
			);
			defaultConfigurationIsVisible = 0;
		};
/* End XCConfigurationList section */
	};
	rootObject = 516209141C26F6B5002F7023 /* Project object */;
}
