// !$*UTF8*$!
{
	archiveVersion = 1;
	classes = {
	};
	objectVersion = 46;
	objects = {

/* Begin PBXBuildFile section */
		5131154C1DC4CFBA00369D02 /* MData.swift in Sources */ = {isa = PBXBuildFile; fileRef = 5131154B1DC4CFBA00369D02 /* MData.swift */; };
		5131154E1DC4D1F200369D02 /* MDataBak.swift in Sources */ = {isa = PBXBuildFile; fileRef = 5131154D1DC4D1F200369D02 /* MDataBak.swift */; };
		51F32A4C1DBCB83C00269E5E /* AppDelegate.swift in Sources */ = {isa = PBXBuildFile; fileRef = 51F32A4B1DBCB83C00269E5E /* AppDelegate.swift */; };
		51F32A4E1DBCB83C00269E5E /* ViewController.swift in Sources */ = {isa = PBXBuildFile; fileRef = 51F32A4D1DBCB83C00269E5E /* ViewController.swift */; };
		51F32A511DBCB83C00269E5E /* Main.storyboard in Resources */ = {isa = PBXBuildFile; fileRef = 51F32A4F1DBCB83C00269E5E /* Main.storyboard */; };
		51F32A541DBCB83C00269E5E /* test_extension.xcdatamodeld in Sources */ = {isa = PBXBuildFile; fileRef = 51F32A521DBCB83C00269E5E /* test_extension.xcdatamodeld */; };
		51F32A561DBCB83C00269E5E /* Assets.xcassets in Resources */ = {isa = PBXBuildFile; fileRef = 51F32A551DBCB83C00269E5E /* Assets.xcassets */; };
		51F32A591DBCB83C00269E5E /* LaunchScreen.storyboard in Resources */ = {isa = PBXBuildFile; fileRef = 51F32A571DBCB83C00269E5E /* LaunchScreen.storyboard */; };
/* End PBXBuildFile section */

/* Begin PBXFileReference section */
		5131154B1DC4CFBA00369D02 /* MData.swift */ = {isa = PBXFileReference; fileEncoding = 4; lastKnownFileType = sourcecode.swift; path = MData.swift; sourceTree = "<group>"; };
		5131154D1DC4D1F200369D02 /* MDataBak.swift */ = {isa = PBXFileReference; fileEncoding = 4; lastKnownFileType = sourcecode.swift; path = MDataBak.swift; sourceTree = "<group>"; };
		51F32A481DBCB83C00269E5E /* test extension.app */ = {isa = PBXFileReference; explicitFileType = wrapper.application; includeInIndex = 0; path = "test extension.app"; sourceTree = BUILT_PRODUCTS_DIR; };
		51F32A4B1DBCB83C00269E5E /* AppDelegate.swift */ = {isa = PBXFileReference; lastKnownFileType = sourcecode.swift; path = AppDelegate.swift; sourceTree = "<group>"; };
		51F32A4D1DBCB83C00269E5E /* ViewController.swift */ = {isa = PBXFileReference; lastKnownFileType = sourcecode.swift; path = ViewController.swift; sourceTree = "<group>"; };
		51F32A501DBCB83C00269E5E /* Base */ = {isa = PBXFileReference; lastKnownFileType = file.storyboard; name = Base; path = Base.lproj/Main.storyboard; sourceTree = "<group>"; };
		51F32A531DBCB83C00269E5E /* test_extension.xcdatamodel */ = {isa = PBXFileReference; lastKnownFileType = wrapper.xcdatamodel; path = test_extension.xcdatamodel; sourceTree = "<group>"; };
		51F32A551DBCB83C00269E5E /* Assets.xcassets */ = {isa = PBXFileReference; lastKnownFileType = folder.assetcatalog; path = Assets.xcassets; sourceTree = "<group>"; };
		51F32A581DBCB83C00269E5E /* Base */ = {isa = PBXFileReference; lastKnownFileType = file.storyboard; name = Base; path = Base.lproj/LaunchScreen.storyboard; sourceTree = "<group>"; };
		51F32A5A1DBCB83C00269E5E /* Info.plist */ = {isa = PBXFileReference; lastKnownFileType = text.plist.xml; path = Info.plist; sourceTree = "<group>"; };
/* End PBXFileReference section */

/* Begin PBXFrameworksBuildPhase section */
		51F32A451DBCB83C00269E5E /* Frameworks */ = {
			isa = PBXFrameworksBuildPhase;
			buildActionMask = 2147483647;
			files = (
			);
			runOnlyForDeploymentPostprocessing = 0;
		};
/* End PBXFrameworksBuildPhase section */

/* Begin PBXGroup section */
		51F32A3F1DBCB83C00269E5E = {
			isa = PBXGroup;
			children = (
				51F32A4A1DBCB83C00269E5E /* test extension */,
				51F32A491DBCB83C00269E5E /* Products */,
			);
			sourceTree = "<group>";
		};
		51F32A491DBCB83C00269E5E /* Products */ = {
			isa = PBXGroup;
			children = (
				51F32A481DBCB83C00269E5E /* test extension.app */,
			);
			name = Products;
			sourceTree = "<group>";
		};
		51F32A4A1DBCB83C00269E5E /* test extension */ = {
			isa = PBXGroup;
			children = (
				5131154D1DC4D1F200369D02 /* MDataBak.swift */,
				5131154B1DC4CFBA00369D02 /* MData.swift */,
				51F32A4B1DBCB83C00269E5E /* AppDelegate.swift */,
				51F32A4D1DBCB83C00269E5E /* ViewController.swift */,
				51F32A4F1DBCB83C00269E5E /* Main.storyboard */,
				51F32A551DBCB83C00269E5E /* Assets.xcassets */,
				51F32A571DBCB83C00269E5E /* LaunchScreen.storyboard */,
				51F32A5A1DBCB83C00269E5E /* Info.plist */,
				51F32A521DBCB83C00269E5E /* test_extension.xcdatamodeld */,
			);
			path = "test extension";
			sourceTree = "<group>";
		};
/* End PBXGroup section */

/* Begin PBXNativeTarget section */
		51F32A471DBCB83C00269E5E /* test extension */ = {
			isa = PBXNativeTarget;
			buildConfigurationList = 51F32A5D1DBCB83C00269E5E /* Build configuration list for PBXNativeTarget "test extension" */;
			buildPhases = (
				51F32A441DBCB83C00269E5E /* Sources */,
				51F32A451DBCB83C00269E5E /* Frameworks */,
				51F32A461DBCB83C00269E5E /* Resources */,
			);
			buildRules = (
			);
			dependencies = (
			);
			name = "test extension";
			productName = "test extension";
			productReference = 51F32A481DBCB83C00269E5E /* test extension.app */;
			productType = "com.apple.product-type.application";
		};
/* End PBXNativeTarget section */

/* Begin PBXProject section */
		51F32A401DBCB83C00269E5E /* Project object */ = {
			isa = PBXProject;
			attributes = {
				LastSwiftUpdateCheck = 0800;
				LastUpgradeCheck = 0800;
				ORGANIZATIONNAME = mengyun;
				TargetAttributes = {
					51F32A471DBCB83C00269E5E = {
						CreatedOnToolsVersion = 8.0;
						DevelopmentTeam = 27EUXE9QPG;
						ProvisioningStyle = Automatic;
					};
				};
			};
			buildConfigurationList = 51F32A431DBCB83C00269E5E /* Build configuration list for PBXProject "test extension" */;
			compatibilityVersion = "Xcode 3.2";
			developmentRegion = English;
			hasScannedForEncodings = 0;
			knownRegions = (
				en,
				Base,
			);
			mainGroup = 51F32A3F1DBCB83C00269E5E;
			productRefGroup = 51F32A491DBCB83C00269E5E /* Products */;
			projectDirPath = "";
			projectRoot = "";
			targets = (
				51F32A471DBCB83C00269E5E /* test extension */,
			);
		};
/* End PBXProject section */

/* Begin PBXResourcesBuildPhase section */
		51F32A461DBCB83C00269E5E /* Resources */ = {
			isa = PBXResourcesBuildPhase;
			buildActionMask = 2147483647;
			files = (
				51F32A591DBCB83C00269E5E /* LaunchScreen.storyboard in Resources */,
				51F32A561DBCB83C00269E5E /* Assets.xcassets in Resources */,
				51F32A511DBCB83C00269E5E /* Main.storyboard in Resources */,
			);
			runOnlyForDeploymentPostprocessing = 0;
		};
/* End PBXResourcesBuildPhase section */

/* Begin PBXSourcesBuildPhase section */
		51F32A441DBCB83C00269E5E /* Sources */ = {
			isa = PBXSourcesBuildPhase;
			buildActionMask = 2147483647;
			files = (
				51F32A4E1DBCB83C00269E5E /* ViewController.swift in Sources */,
				5131154C1DC4CFBA00369D02 /* MData.swift in Sources */,
				51F32A4C1DBCB83C00269E5E /* AppDelegate.swift in Sources */,
				51F32A541DBCB83C00269E5E /* test_extension.xcdatamodeld in Sources */,
				5131154E1DC4D1F200369D02 /* MDataBak.swift in Sources */,
			);
			runOnlyForDeploymentPostprocessing = 0;
		};
/* End PBXSourcesBuildPhase section */

/* Begin PBXVariantGroup section */
		51F32A4F1DBCB83C00269E5E /* Main.storyboard */ = {
			isa = PBXVariantGroup;
			children = (
				51F32A501DBCB83C00269E5E /* Base */,
			);
			name = Main.storyboard;
			sourceTree = "<group>";
		};
		51F32A571DBCB83C00269E5E /* LaunchScreen.storyboard */ = {
			isa = PBXVariantGroup;
			children = (
				51F32A581DBCB83C00269E5E /* Base */,
			);
			name = LaunchScreen.storyboard;
			sourceTree = "<group>";
		};
/* End PBXVariantGroup section */

/* Begin XCBuildConfiguration section */
		51F32A5B1DBCB83C00269E5E /* Debug */ = {
			isa = XCBuildConfiguration;
			buildSettings = {
				ALWAYS_SEARCH_USER_PATHS = NO;
				CLANG_ANALYZER_NONNULL = YES;
				CLANG_CXX_LANGUAGE_STANDARD = "gnu++0x";
				CLANG_CXX_LIBRARY = "libc++";
				CLANG_ENABLE_MODULES = YES;
				CLANG_ENABLE_OBJC_ARC = YES;
				CLANG_WARN_BOOL_CONVERSION = YES;
				CLANG_WARN_CONSTANT_CONVERSION = YES;
				CLANG_WARN_DIRECT_OBJC_ISA_USAGE = YES_ERROR;
				CLANG_WARN_DOCUMENTATION_COMMENTS = YES;
				CLANG_WARN_EMPTY_BODY = YES;
				CLANG_WARN_ENUM_CONVERSION = YES;
				CLANG_WARN_INFINITE_RECURSION = YES;
				CLANG_WARN_INT_CONVERSION = YES;
				CLANG_WARN_OBJC_ROOT_CLASS = YES_ERROR;
				CLANG_WARN_SUSPICIOUS_MOVES = YES;
				CLANG_WARN_UNREACHABLE_CODE = YES;
				CLANG_WARN__DUPLICATE_METHOD_MATCH = YES;
				"CODE_SIGN_IDENTITY[sdk=iphoneos*]" = "iPhone Developer";
				COPY_PHASE_STRIP = NO;
				DEBUG_INFORMATION_FORMAT = dwarf;
				ENABLE_STRICT_OBJC_MSGSEND = YES;
				ENABLE_TESTABILITY = YES;
				GCC_C_LANGUAGE_STANDARD = gnu99;
				GCC_DYNAMIC_NO_PIC = NO;
				GCC_NO_COMMON_BLOCKS = YES;
				GCC_OPTIMIZATION_LEVEL = 0;
				GCC_PREPROCESSOR_DEFINITIONS = (
					"DEBUG=1",
					"$(inherited)",
				);
				GCC_WARN_64_TO_32_BIT_CONVERSION = YES;
				GCC_WARN_ABOUT_RETURN_TYPE = YES_ERROR;
				GCC_WARN_UNDECLARED_SELECTOR = YES;
				GCC_WARN_UNINITIALIZED_AUTOS = YES_AGGRESSIVE;
				GCC_WARN_UNUSED_FUNCTION = YES;
				GCC_WARN_UNUSED_VARIABLE = YES;
				IPHONEOS_DEPLOYMENT_TARGET = 10.0;
				MTL_ENABLE_DEBUG_INFO = YES;
				ONLY_ACTIVE_ARCH = YES;
				SDKROOT = iphoneos;
				SWIFT_ACTIVE_COMPILATION_CONDITIONS = DEBUG;
				SWIFT_OPTIMIZATION_LEVEL = "-Onone";
				TARGETED_DEVICE_FAMILY = "1,2";
			};
			name = Debug;
		};
		51F32A5C1DBCB83C00269E5E /* Release */ = {
			isa = XCBuildConfiguration;
			buildSettings = {
				ALWAYS_SEARCH_USER_PATHS = NO;
				CLANG_ANALYZER_NONNULL = YES;
				CLANG_CXX_LANGUAGE_STANDARD = "gnu++0x";
				CLANG_CXX_LIBRARY = "libc++";
				CLANG_ENABLE_MODULES = YES;
				CLANG_ENABLE_OBJC_ARC = YES;
				CLANG_WARN_BOOL_CONVERSION = YES;
				CLANG_WARN_CONSTANT_CONVERSION = YES;
				CLANG_WARN_DIRECT_OBJC_ISA_USAGE = YES_ERROR;
				CLANG_WARN_DOCUMENTATION_COMMENTS = YES;
				CLANG_WARN_EMPTY_BODY = YES;
				CLANG_WARN_ENUM_CONVERSION = YES;
				CLANG_WARN_INFINITE_RECURSION = YES;
				CLANG_WARN_INT_CONVERSION = YES;
				CLANG_WARN_OBJC_ROOT_CLASS = YES_ERROR;
				CLANG_WARN_SUSPICIOUS_MOVES = YES;
				CLANG_WARN_UNREACHABLE_CODE = YES;
				CLANG_WARN__DUPLICATE_METHOD_MATCH = YES;
				"CODE_SIGN_IDENTITY[sdk=iphoneos*]" = "iPhone Developer";
				COPY_PHASE_STRIP = NO;
				DEBUG_INFORMATION_FORMAT = "dwarf-with-dsym";
				ENABLE_NS_ASSERTIONS = NO;
				ENABLE_STRICT_OBJC_MSGSEND = YES;
				GCC_C_LANGUAGE_STANDARD = gnu99;
				GCC_NO_COMMON_BLOCKS = YES;
				GCC_WARN_64_TO_32_BIT_CONVERSION = YES;
				GCC_WARN_ABOUT_RETURN_TYPE = YES_ERROR;
				GCC_WARN_UNDECLARED_SELECTOR = YES;
				GCC_WARN_UNINITIALIZED_AUTOS = YES_AGGRESSIVE;
				GCC_WARN_UNUSED_FUNCTION = YES;
				GCC_WARN_UNUSED_VARIABLE = YES;
				IPHONEOS_DEPLOYMENT_TARGET = 10.0;
				MTL_ENABLE_DEBUG_INFO = NO;
				SDKROOT = iphoneos;
				SWIFT_OPTIMIZATION_LEVEL = "-Owholemodule";
				TARGETED_DEVICE_FAMILY = "1,2";
				VALIDATE_PRODUCT = YES;
			};
			name = Release;
		};
		51F32A5E1DBCB83C00269E5E /* Debug */ = {
			isa = XCBuildConfiguration;
			buildSettings = {
				ASSETCATALOG_COMPILER_APPICON_NAME = AppIcon;
				DEVELOPMENT_TEAM = 27EUXE9QPG;
				INFOPLIST_FILE = "test extension/Info.plist";
				LD_RUNPATH_SEARCH_PATHS = "$(inherited) @executable_path/Frameworks";
				PRODUCT_BUNDLE_IDENTIFIER = "f.test-extension";
				PRODUCT_NAME = "$(TARGET_NAME)";
				SWIFT_VERSION = 3.0;
			};
			name = Debug;
		};
		51F32A5F1DBCB83C00269E5E /* Release */ = {
			isa = XCBuildConfiguration;
			buildSettings = {
				ASSETCATALOG_COMPILER_APPICON_NAME = AppIcon;
				DEVELOPMENT_TEAM = 27EUXE9QPG;
				INFOPLIST_FILE = "test extension/Info.plist";
				LD_RUNPATH_SEARCH_PATHS = "$(inherited) @executable_path/Frameworks";
				PRODUCT_BUNDLE_IDENTIFIER = "f.test-extension";
				PRODUCT_NAME = "$(TARGET_NAME)";
				SWIFT_VERSION = 3.0;
			};
			name = Release;
		};
/* End XCBuildConfiguration section */

/* Begin XCConfigurationList section */
		51F32A431DBCB83C00269E5E /* Build configuration list for PBXProject "test extension" */ = {
			isa = XCConfigurationList;
			buildConfigurations = (
				51F32A5B1DBCB83C00269E5E /* Debug */,
				51F32A5C1DBCB83C00269E5E /* Release */,
			);
			defaultConfigurationIsVisible = 0;
			defaultConfigurationName = Release;
		};
		51F32A5D1DBCB83C00269E5E /* Build configuration list for PBXNativeTarget "test extension" */ = {
			isa = XCConfigurationList;
			buildConfigurations = (
				51F32A5E1DBCB83C00269E5E /* Debug */,
				51F32A5F1DBCB83C00269E5E /* Release */,
			);
			defaultConfigurationIsVisible = 0;
			defaultConfigurationName = Release;
		};
/* End XCConfigurationList section */

/* Begin XCVersionGroup section */
		51F32A521DBCB83C00269E5E /* test_extension.xcdatamodeld */ = {
			isa = XCVersionGroup;
			children = (
				51F32A531DBCB83C00269E5E /* test_extension.xcdatamodel */,
			);
			currentVersion = 51F32A531DBCB83C00269E5E /* test_extension.xcdatamodel */;
			path = test_extension.xcdatamodeld;
			sourceTree = "<group>";
			versionGroupType = wrapper.xcdatamodel;
		};
/* End XCVersionGroup section */
	};
	rootObject = 51F32A401DBCB83C00269E5E /* Project object */;
}
